{
  "name": "provetrail",
  "version": "0.0.1",
  "lockfileVersion": 3,
  "requires": true,
  "packages": {
    "": {
      "name": "provetrail",
      "version": "0.0.1",
      "license": "Apache-2.0",
      "dependencies": {
        "cbor2": "^1.12.0"
      },
      "engines": {
        "node": ">=18"
      }
    },
    "node_modules/cbor2": {
      "version": "1.12.0",
      "resolved": "https://registry.npmjs.org/cbor2/-/cbor2-1.12.0.tgz",
      "integrity": "sha512-3Cco8XQhi27DogSp9Ri6LYNZLi/TBY/JVnDe+mj06NkBjW/ZYOtekaEU4wZ4xcRMNrFkDv8KNtOAqHyDfz3lYg==",
      "license": "MIT",
      "engines": {
        "node": ">=18.7"
      }
    }
  }
}
